
Microsoft Visual Studio Solution File, Format Version 12.00
# Visual Studio Version 17
VisualStudioVersion = 17.11.35327.3
MinimumVisualStudioVersion = 10.0.40219.1
Project("{FAE04EC0-301F-11D3-BF4B-00C04F79EFBC}") = "First_Project", "First_Project\First_Project.csproj", "{44ABA60E-F3F6-49E4-8091-459BDC5BEE4D}"
EndProject
Global
	GlobalSection(SolutionConfigurationPlatforms) = preSolution
		Debug|Any CPU = Debug|Any CPU
		Release|Any CPU = Release|Any CPU
	EndGlobalSection
	GlobalSection(ProjectConfigurationPlatforms) = postSolution
		{44ABA60E-F3F6-49E4-8091-459BDC5BEE4D}.Debug|Any CPU.ActiveCfg = Debug|Any CPU
		{44ABA60E-F3F6-49E4-8091-459BDC5BEE4D}.Debug|Any CPU.Build.0 = Debug|Any CPU
		{44ABA60E-F3F6-49E4-8091-459BDC5BEE4D}.Release|Any CPU.ActiveCfg = Release|Any CPU
		{44ABA60E-F3F6-49E4-8091-459BDC5BEE4D}.Release|Any CPU.Build.0 = Release|Any CPU
	EndGlobalSection
	GlobalSection(SolutionProperties) = preSolution
		HideSolutionNode = FALSE
	EndGlobalSection
	GlobalSection(ExtensibilityGlobals) = postSolution
		SolutionGuid = {F697709F-A39F-4D75-8AA9-F3386E39D315}
	EndGlobalSection
EndGlobal
